// !$*UTF8*$!
{
	archiveVersion = 1;
	classes = {
	};
	objectVersion = 55;
	objects = {

/* Begin PBXBuildFile section */
		3BBFA2AF27DC8E190090FD30 /* AppDelegate.swift in Sources */ = {isa = PBXBuildFile; fileRef = 3BBFA2AE27DC8E190090FD30 /* AppDelegate.swift */; };
		3BBFA2B127DC8E190090FD30 /* SceneDelegate.swift in Sources */ = {isa = PBXBuildFile; fileRef = 3BBFA2B027DC8E190090FD30 /* SceneDelegate.swift */; };
		3BBFA2B327DC8E190090FD30 /* ViewController.swift in Sources */ = {isa = PBXBuildFile; fileRef = 3BBFA2B227DC8E190090FD30 /* ViewController.swift */; };
		3BBFA2B627DC8E190090FD30 /* Main.storyboard in Resources */ = {isa = PBXBuildFile; fileRef = 3BBFA2B427DC8E190090FD30 /* Main.storyboard */; };
		3BBFA2B827DC8E1B0090FD30 /* Assets.xcassets in Resources */ = {isa = PBXBuildFile; fileRef = 3BBFA2B727DC8E1B0090FD30 /* Assets.xcassets */; };
		3BBFA2BB27DC8E1B0090FD30 /* LaunchScreen.storyboard in Resources */ = {isa = PBXBuildFile; fileRef = 3BBFA2B927DC8E1B0090FD30 /* LaunchScreen.storyboard */; };
		3BBFA2C327DC96C40090FD30 /* avatar.png in Resources */ = {isa = PBXBuildFile; fileRef = 3BBFA2C227DC96C40090FD30 /* avatar.png */; };
		3BBFA2CC27DC9E5A0090FD30 /* r3.png in Resources */ = {isa = PBXBuildFile; fileRef = 3BBFA2C427DC9E590090FD30 /* r3.png */; };
		3BBFA2CD27DC9E5A0090FD30 /* r4.png in Resources */ = {isa = PBXBuildFile; fileRef = 3BBFA2C527DC9E5A0090FD30 /* r4.png */; };
		3BBFA2CE27DC9E5A0090FD30 /* r6.png in Resources */ = {isa = PBXBuildFile; fileRef = 3BBFA2C627DC9E5A0090FD30 /* r6.png */; };
		3BBFA2CF27DC9E5A0090FD30 /* r5.png in Resources */ = {isa = PBXBuildFile; fileRef = 3BBFA2C727DC9E5A0090FD30 /* r5.png */; };
		3BBFA2D027DC9E5A0090FD30 /* r7.png in Resources */ = {isa = PBXBuildFile; fileRef = 3BBFA2C827DC9E5A0090FD30 /* r7.png */; };
		3BBFA2D127DC9E5A0090FD30 /* r8.png in Resources */ = {isa = PBXBuildFile; fileRef = 3BBFA2C927DC9E5A0090FD30 /* r8.png */; };
		3BBFA2D227DC9E5A0090FD30 /* r2.png in Resources */ = {isa = PBXBuildFile; fileRef = 3BBFA2CA27DC9E5A0090FD30 /* r2.png */; };
		3BBFA2D327DC9E5A0090FD30 /* r1.png in Resources */ = {isa = PBXBuildFile; fileRef = 3BBFA2CB27DC9E5A0090FD30 /* r1.png */; };
		3BBFA2E227DCCF140090FD30 /* q7.png in Resources */ = {isa = PBXBuildFile; fileRef = 3BBFA2D627DCCF110090FD30 /* q7.png */; };
		3BBFA2E327DCCF140090FD30 /* q1.png in Resources */ = {isa = PBXBuildFile; fileRef = 3BBFA2D727DCCF120090FD30 /* q1.png */; };
		3BBFA2E427DCCF140090FD30 /* q8.png in Resources */ = {isa = PBXBuildFile; fileRef = 3BBFA2D827DCCF120090FD30 /* q8.png */; };
		3BBFA2E527DCCF140090FD30 /* q3.png in Resources */ = {isa = PBXBuildFile; fileRef = 3BBFA2D927DCCF120090FD30 /* q3.png */; };
		3BBFA2E627DCCF140090FD30 /* q2.png in Resources */ = {isa = PBXBuildFile; fileRef = 3BBFA2DA27DCCF120090FD30 /* q2.png */; };
		3BBFA2E727DCCF140090FD30 /* q9.png in Resources */ = {isa = PBXBuildFile; fileRef = 3BBFA2DB27DCCF130090FD30 /* q9.png */; };
		3BBFA2E827DCCF140090FD30 /* q11.png in Resources */ = {isa = PBXBuildFile; fileRef = 3BBFA2DC27DCCF130090FD30 /* q11.png */; };
		3BBFA2E927DCCF140090FD30 /* q12.png in Resources */ = {isa = PBXBuildFile; fileRef = 3BBFA2DD27DCCF130090FD30 /* q12.png */; };
		3BBFA2EA27DCCF140090FD30 /* q4.png in Resources */ = {isa = PBXBuildFile; fileRef = 3BBFA2DE27DCCF130090FD30 /* q4.png */; };
		3BBFA2EB27DCCF140090FD30 /* q5.png in Resources */ = {isa = PBXBuildFile; fileRef = 3BBFA2DF27DCCF130090FD30 /* q5.png */; };
		3BBFA2EC27DCCF140090FD30 /* q6.png in Resources */ = {isa = PBXBuildFile; fileRef = 3BBFA2E027DCCF140090FD30 /* q6.png */; };
		3BBFA2ED27DCCF140090FD30 /* q10.png in Resources */ = {isa = PBXBuildFile; fileRef = 3BBFA2E127DCCF140090FD30 /* q10.png */; };
/* End PBXBuildFile section */

/* Begin PBXFileReference section */
		3BBFA2AB27DC8E190090FD30 /* Fake Music.app */ = {isa = PBXFileReference; explicitFileType = wrapper.application; includeInIndex = 0; path = "Fake Music.app"; sourceTree = BUILT_PRODUCTS_DIR; };
		3BBFA2AE27DC8E190090FD30 /* AppDelegate.swift */ = {isa = PBXFileReference; lastKnownFileType = sourcecode.swift; path = AppDelegate.swift; sourceTree = "<group>"; };
		3BBFA2B027DC8E190090FD30 /* SceneDelegate.swift */ = {isa = PBXFileReference; lastKnownFileType = sourcecode.swift; path = SceneDelegate.swift; sourceTree = "<group>"; };
		3BBFA2B227DC8E190090FD30 /* ViewController.swift */ = {isa = PBXFileReference; lastKnownFileType = sourcecode.swift; path = ViewController.swift; sourceTree = "<group>"; };
		3BBFA2B527DC8E190090FD30 /* Base */ = {isa = PBXFileReference; lastKnownFileType = file.storyboard; name = Base; path = Base.lproj/Main.storyboard; sourceTree = "<group>"; };
		3BBFA2B727DC8E1B0090FD30 /* Assets.xcassets */ = {isa = PBXFileReference; lastKnownFileType = folder.assetcatalog; path = Assets.xcassets; sourceTree = "<group>"; };
		3BBFA2BA27DC8E1B0090FD30 /* Base */ = {isa = PBXFileReference; lastKnownFileType = file.storyboard; name = Base; path = Base.lproj/LaunchScreen.storyboard; sourceTree = "<group>"; };
		3BBFA2BC27DC8E1B0090FD30 /* Info.plist */ = {isa = PBXFileReference; lastKnownFileType = text.plist.xml; path = Info.plist; sourceTree = "<group>"; };
		3BBFA2C227DC96C40090FD30 /* avatar.png */ = {isa = PBXFileReference; lastKnownFileType = image.png; path = avatar.png; sourceTree = "<group>"; };
		3BBFA2C427DC9E590090FD30 /* r3.png */ = {isa = PBXFileReference; lastKnownFileType = image.png; path = r3.png; sourceTree = "<group>"; };
		3BBFA2C527DC9E5A0090FD30 /* r4.png */ = {isa = PBXFileReference; lastKnownFileType = image.png; path = r4.png; sourceTree = "<group>"; };
		3BBFA2C627DC9E5A0090FD30 /* r6.png */ = {isa = PBXFileReference; lastKnownFileType = image.png; path = r6.png; sourceTree = "<group>"; };
		3BBFA2C727DC9E5A0090FD30 /* r5.png */ = {isa = PBXFileReference; lastKnownFileType = image.png; path = r5.png; sourceTree = "<group>"; };
		3BBFA2C827DC9E5A0090FD30 /* r7.png */ = {isa = PBXFileReference; lastKnownFileType = image.png; path = r7.png; sourceTree = "<group>"; };
		3BBFA2C927DC9E5A0090FD30 /* r8.png */ = {isa = PBXFileReference; lastKnownFileType = image.png; path = r8.png; sourceTree = "<group>"; };
		3BBFA2CA27DC9E5A0090FD30 /* r2.png */ = {isa = PBXFileReference; lastKnownFileType = image.png; path = r2.png; sourceTree = "<group>"; };
		3BBFA2CB27DC9E5A0090FD30 /* r1.png */ = {isa = PBXFileReference; lastKnownFileType = image.png; path = r1.png; sourceTree = "<group>"; };
		3BBFA2D627DCCF110090FD30 /* q7.png */ = {isa = PBXFileReference; lastKnownFileType = image.png; path = q7.png; sourceTree = "<group>"; };
		3BBFA2D727DCCF120090FD30 /* q1.png */ = {isa = PBXFileReference; lastKnownFileType = image.png; path = q1.png; sourceTree = "<group>"; };
		3BBFA2D827DCCF120090FD30 /* q8.png */ = {isa = PBXFileReference; lastKnownFileType = image.png; path = q8.png; sourceTree = "<group>"; };
		3BBFA2D927DCCF120090FD30 /* q3.png */ = {isa = PBXFileReference; lastKnownFileType = image.png; path = q3.png; sourceTree = "<group>"; };
		3BBFA2DA27DCCF120090FD30 /* q2.png */ = {isa = PBXFileReference; lastKnownFileType = image.png; path = q2.png; sourceTree = "<group>"; };
		3BBFA2DB27DCCF130090FD30 /* q9.png */ = {isa = PBXFileReference; lastKnownFileType = image.png; path = q9.png; sourceTree = "<group>"; };
		3BBFA2DC27DCCF130090FD30 /* q11.png */ = {isa = PBXFileReference; lastKnownFileType = image.png; path = q11.png; sourceTree = "<group>"; };
		3BBFA2DD27DCCF130090FD30 /* q12.png */ = {isa = PBXFileReference; lastKnownFileType = image.png; path = q12.png; sourceTree = "<group>"; };
		3BBFA2DE27DCCF130090FD30 /* q4.png */ = {isa = PBXFileReference; lastKnownFileType = image.png; path = q4.png; sourceTree = "<group>"; };
		3BBFA2DF27DCCF130090FD30 /* q5.png */ = {isa = PBXFileReference; lastKnownFileType = image.png; path = q5.png; sourceTree = "<group>"; };
		3BBFA2E027DCCF140090FD30 /* q6.png */ = {isa = PBXFileReference; lastKnownFileType = image.png; path = q6.png; sourceTree = "<group>"; };
		3BBFA2E127DCCF140090FD30 /* q10.png */ = {isa = PBXFileReference; lastKnownFileType = image.png; path = q10.png; sourceTree = "<group>"; };
/* End PBXFileReference section */

/* Begin PBXFrameworksBuildPhase section */
		3BBFA2A827DC8E190090FD30 /* Frameworks */ = {
			isa = PBXFrameworksBuildPhase;
			buildActionMask = 2147483647;
			files = (
			);
			runOnlyForDeploymentPostprocessing = 0;
		};
/* End PBXFrameworksBuildPhase section */

/* Begin PBXGroup section */
		3BBFA2A227DC8E190090FD30 = {
			isa = PBXGroup;
			children = (
				3BBFA2AD27DC8E190090FD30 /* fake-music */,
				3BBFA2AC27DC8E190090FD30 /* Products */,
			);
			sourceTree = "<group>";
		};
		3BBFA2AC27DC8E190090FD30 /* Products */ = {
			isa = PBXGroup;
			children = (
				3BBFA2AB27DC8E190090FD30 /* Fake Music.app */,
			);
			name = Products;
			sourceTree = "<group>";
		};
		3BBFA2AD27DC8E190090FD30 /* fake-music */ = {
			isa = PBXGroup;
			children = (
				3BBFA2D527DCCEAA0090FD30 /* ic_recent */,
				3BBFA2D427DC9E620090FD30 /* ic_recommend */,
				3BBFA2AE27DC8E190090FD30 /* AppDelegate.swift */,
				3BBFA2B027DC8E190090FD30 /* SceneDelegate.swift */,
				3BBFA2B227DC8E190090FD30 /* ViewController.swift */,
				3BBFA2B427DC8E190090FD30 /* Main.storyboard */,
				3BBFA2B727DC8E1B0090FD30 /* Assets.xcassets */,
				3BBFA2C227DC96C40090FD30 /* avatar.png */,
				3BBFA2B927DC8E1B0090FD30 /* LaunchScreen.storyboard */,
				3BBFA2BC27DC8E1B0090FD30 /* Info.plist */,
			);
			path = "fake-music";
			sourceTree = "<group>";
		};
		3BBFA2D427DC9E620090FD30 /* ic_recommend */ = {
			isa = PBXGroup;
			children = (
				3BBFA2CB27DC9E5A0090FD30 /* r1.png */,
				3BBFA2CA27DC9E5A0090FD30 /* r2.png */,
				3BBFA2C427DC9E590090FD30 /* r3.png */,
				3BBFA2C527DC9E5A0090FD30 /* r4.png */,
				3BBFA2C727DC9E5A0090FD30 /* r5.png */,
				3BBFA2C627DC9E5A0090FD30 /* r6.png */,
				3BBFA2C827DC9E5A0090FD30 /* r7.png */,
				3BBFA2C927DC9E5A0090FD30 /* r8.png */,
			);
			path = ic_recommend;
			sourceTree = "<group>";
		};
		3BBFA2D527DCCEAA0090FD30 /* ic_recent */ = {
			isa = PBXGroup;
			children = (
				3BBFA2D727DCCF120090FD30 /* q1.png */,
				3BBFA2DA27DCCF120090FD30 /* q2.png */,
				3BBFA2D927DCCF120090FD30 /* q3.png */,
				3BBFA2DE27DCCF130090FD30 /* q4.png */,
				3BBFA2DF27DCCF130090FD30 /* q5.png */,
				3BBFA2E027DCCF140090FD30 /* q6.png */,
				3BBFA2D627DCCF110090FD30 /* q7.png */,
				3BBFA2D827DCCF120090FD30 /* q8.png */,
				3BBFA2DB27DCCF130090FD30 /* q9.png */,
				3BBFA2E127DCCF140090FD30 /* q10.png */,
				3BBFA2DC27DCCF130090FD30 /* q11.png */,
				3BBFA2DD27DCCF130090FD30 /* q12.png */,
			);
			path = ic_recent;
			sourceTree = "<group>";
		};
/* End PBXGroup section */

/* Begin PBXNativeTarget section */
		3BBFA2AA27DC8E190090FD30 /* fake-music */ = {
			isa = PBXNativeTarget;
			buildConfigurationList = 3BBFA2BF27DC8E1B0090FD30 /* Build configuration list for PBXNativeTarget "fake-music" */;
			buildPhases = (
				3BBFA2A727DC8E190090FD30 /* Sources */,
				3BBFA2A827DC8E190090FD30 /* Frameworks */,
				3BBFA2A927DC8E190090FD30 /* Resources */,
			);
			buildRules = (
			);
			dependencies = (
			);
			name = "fake-music";
			productName = "fake-music";
			productReference = 3BBFA2AB27DC8E190090FD30 /* Fake Music.app */;
			productType = "com.apple.product-type.application";
		};
/* End PBXNativeTarget section */

/* Begin PBXProject section */
		3BBFA2A327DC8E190090FD30 /* Project object */ = {
			isa = PBXProject;
			attributes = {
				BuildIndependentTargetsInParallel = 1;
				LastSwiftUpdateCheck = 1320;
				LastUpgradeCheck = 1320;
				TargetAttributes = {
					3BBFA2AA27DC8E190090FD30 = {
						CreatedOnToolsVersion = 13.2.1;
					};
				};
			};
			buildConfigurationList = 3BBFA2A627DC8E190090FD30 /* Build configuration list for PBXProject "Fake Music" */;
			compatibilityVersion = "Xcode 13.0";
			developmentRegion = en;
			hasScannedForEncodings = 0;
			knownRegions = (
				en,
				Base,
			);
			mainGroup = 3BBFA2A227DC8E190090FD30;
			productRefGroup = 3BBFA2AC27DC8E190090FD30 /* Products */;
			projectDirPath = "";
			projectRoot = "";
			targets = (
				3BBFA2AA27DC8E190090FD30 /* fake-music */,
			);
		};
/* End PBXProject section */

/* Begin PBXResourcesBuildPhase section */
		3BBFA2A927DC8E190090FD30 /* Resources */ = {
			isa = PBXResourcesBuildPhase;
			buildActionMask = 2147483647;
			files = (
				3BBFA2E227DCCF140090FD30 /* q7.png in Resources */,
				3BBFA2EB27DCCF140090FD30 /* q5.png in Resources */,
				3BBFA2D327DC9E5A0090FD30 /* r1.png in Resources */,
				3BBFA2EA27DCCF140090FD30 /* q4.png in Resources */,
				3BBFA2EC27DCCF140090FD30 /* q6.png in Resources */,
				3BBFA2E827DCCF140090FD30 /* q11.png in Resources */,
				3BBFA2CF27DC9E5A0090FD30 /* r5.png in Resources */,
				3BBFA2E627DCCF140090FD30 /* q2.png in Resources */,
				3BBFA2CC27DC9E5A0090FD30 /* r3.png in Resources */,
				3BBFA2E927DCCF140090FD30 /* q12.png in Resources */,
				3BBFA2C327DC96C40090FD30 /* avatar.png in Resources */,
				3BBFA2CE27DC9E5A0090FD30 /* r6.png in Resources */,
				3BBFA2ED27DCCF140090FD30 /* q10.png in Resources */,
				3BBFA2BB27DC8E1B0090FD30 /* LaunchScreen.storyboard in Resources */,
				3BBFA2D127DC9E5A0090FD30 /* r8.png in Resources */,
				3BBFA2E727DCCF140090FD30 /* q9.png in Resources */,
				3BBFA2CD27DC9E5A0090FD30 /* r4.png in Resources */,
				3BBFA2D027DC9E5A0090FD30 /* r7.png in Resources */,
				3BBFA2E427DCCF140090FD30 /* q8.png in Resources */,
				3BBFA2B827DC8E1B0090FD30 /* Assets.xcassets in Resources */,
				3BBFA2E327DCCF140090FD30 /* q1.png in Resources */,
				3BBFA2E527DCCF140090FD30 /* q3.png in Resources */,
				3BBFA2D227DC9E5A0090FD30 /* r2.png in Resources */,
				3BBFA2B627DC8E190090FD30 /* Main.storyboard in Resources */,
			);
			runOnlyForDeploymentPostprocessing = 0;
		};
/* End PBXResourcesBuildPhase section */

/* Begin PBXSourcesBuildPhase section */
		3BBFA2A727DC8E190090FD30 /* Sources */ = {
			isa = PBXSourcesBuildPhase;
			buildActionMask = 2147483647;
			files = (
				3BBFA2B327DC8E190090FD30 /* ViewController.swift in Sources */,
				3BBFA2AF27DC8E190090FD30 /* AppDelegate.swift in Sources */,
				3BBFA2B127DC8E190090FD30 /* SceneDelegate.swift in Sources */,
			);
			runOnlyForDeploymentPostprocessing = 0;
		};
/* End PBXSourcesBuildPhase section */

/* Begin PBXVariantGroup section */
		3BBFA2B427DC8E190090FD30 /* Main.storyboard */ = {
			isa = PBXVariantGroup;
			children = (
				3BBFA2B527DC8E190090FD30 /* Base */,
			);
			name = Main.storyboard;
			sourceTree = "<group>";
		};
		3BBFA2B927DC8E1B0090FD30 /* LaunchScreen.storyboard */ = {
			isa = PBXVariantGroup;
			children = (
				3BBFA2BA27DC8E1B0090FD30 /* Base */,
			);
			name = LaunchScreen.storyboard;
			sourceTree = "<group>";
		};
/* End PBXVariantGroup section */

/* Begin XCBuildConfiguration section */
		3BBFA2BD27DC8E1B0090FD30 /* Debug */ = {
			isa = XCBuildConfiguration;
			buildSettings = {
				ALWAYS_SEARCH_USER_PATHS = NO;
				CLANG_ANALYZER_NONNULL = YES;
				CLANG_ANALYZER_NUMBER_OBJECT_CONVERSION = YES_AGGRESSIVE;
				CLANG_CXX_LANGUAGE_STANDARD = "gnu++17";
				CLANG_CXX_LIBRARY = "libc++";
				CLANG_ENABLE_MODULES = YES;
				CLANG_ENABLE_OBJC_ARC = YES;
				CLANG_ENABLE_OBJC_WEAK = YES;
				CLANG_WARN_BLOCK_CAPTURE_AUTORELEASING = YES;
				CLANG_WARN_BOOL_CONVERSION = YES;
				CLANG_WARN_COMMA = YES;
				CLANG_WARN_CONSTANT_CONVERSION = YES;
				CLANG_WARN_DEPRECATED_OBJC_IMPLEMENTATIONS = YES;
				CLANG_WARN_DIRECT_OBJC_ISA_USAGE = YES_ERROR;
				CLANG_WARN_DOCUMENTATION_COMMENTS = YES;
				CLANG_WARN_EMPTY_BODY = YES;
				CLANG_WARN_ENUM_CONVERSION = YES;
				CLANG_WARN_INFINITE_RECURSION = YES;
				CLANG_WARN_INT_CONVERSION = YES;
				CLANG_WARN_NON_LITERAL_NULL_CONVERSION = YES;
				CLANG_WARN_OBJC_IMPLICIT_RETAIN_SELF = YES;
				CLANG_WARN_OBJC_LITERAL_CONVERSION = YES;
				CLANG_WARN_OBJC_ROOT_CLASS = YES_ERROR;
				CLANG_WARN_QUOTED_INCLUDE_IN_FRAMEWORK_HEADER = YES;
				CLANG_WARN_RANGE_LOOP_ANALYSIS = YES;
				CLANG_WARN_STRICT_PROTOTYPES = YES;
				CLANG_WARN_SUSPICIOUS_MOVE = YES;
				CLANG_WARN_UNGUARDED_AVAILABILITY = YES_AGGRESSIVE;
				CLANG_WARN_UNREACHABLE_CODE = YES;
				CLANG_WARN__DUPLICATE_METHOD_MATCH = YES;
				COPY_PHASE_STRIP = NO;
				DEBUG_INFORMATION_FORMAT = dwarf;
				ENABLE_STRICT_OBJC_MSGSEND = YES;
				ENABLE_TESTABILITY = YES;
				GCC_C_LANGUAGE_STANDARD = gnu11;
				GCC_DYNAMIC_NO_PIC = NO;
				GCC_NO_COMMON_BLOCKS = YES;
				GCC_OPTIMIZATION_LEVEL = 0;
				GCC_PREPROCESSOR_DEFINITIONS = (
					"DEBUG=1",
					"$(inherited)",
				);
				GCC_WARN_64_TO_32_BIT_CONVERSION = YES;
				GCC_WARN_ABOUT_RETURN_TYPE = YES_ERROR;
				GCC_WARN_UNDECLARED_SELECTOR = YES;
				GCC_WARN_UNINITIALIZED_AUTOS = YES_AGGRESSIVE;
				GCC_WARN_UNUSED_FUNCTION = YES;
				GCC_WARN_UNUSED_VARIABLE = YES;
				IPHONEOS_DEPLOYMENT_TARGET = 15.2;
				MTL_ENABLE_DEBUG_INFO = INCLUDE_SOURCE;
				MTL_FAST_MATH = YES;
				ONLY_ACTIVE_ARCH = YES;
				SDKROOT = iphoneos;
				SWIFT_ACTIVE_COMPILATION_CONDITIONS = DEBUG;
				SWIFT_OPTIMIZATION_LEVEL = "-Onone";
			};
			name = Debug;
		};
		3BBFA2BE27DC8E1B0090FD30 /* Release */ = {
			isa = XCBuildConfiguration;
			buildSettings = {
				ALWAYS_SEARCH_USER_PATHS = NO;
				CLANG_ANALYZER_NONNULL = YES;
				CLANG_ANALYZER_NUMBER_OBJECT_CONVERSION = YES_AGGRESSIVE;
				CLANG_CXX_LANGUAGE_STANDARD = "gnu++17";
				CLANG_CXX_LIBRARY = "libc++";
				CLANG_ENABLE_MODULES = YES;
				CLANG_ENABLE_OBJC_ARC = YES;
				CLANG_ENABLE_OBJC_WEAK = YES;
				CLANG_WARN_BLOCK_CAPTURE_AUTORELEASING = YES;
				CLANG_WARN_BOOL_CONVERSION = YES;
				CLANG_WARN_COMMA = YES;
				CLANG_WARN_CONSTANT_CONVERSION = YES;
				CLANG_WARN_DEPRECATED_OBJC_IMPLEMENTATIONS = YES;
				CLANG_WARN_DIRECT_OBJC_ISA_USAGE = YES_ERROR;
				CLANG_WARN_DOCUMENTATION_COMMENTS = YES;
				CLANG_WARN_EMPTY_BODY = YES;
				CLANG_WARN_ENUM_CONVERSION = YES;
				CLANG_WARN_INFINITE_RECURSION = YES;
				CLANG_WARN_INT_CONVERSION = YES;
				CLANG_WARN_NON_LITERAL_NULL_CONVERSION = YES;
				CLANG_WARN_OBJC_IMPLICIT_RETAIN_SELF = YES;
				CLANG_WARN_OBJC_LITERAL_CONVERSION = YES;
				CLANG_WARN_OBJC_ROOT_CLASS = YES_ERROR;
				CLANG_WARN_QUOTED_INCLUDE_IN_FRAMEWORK_HEADER = YES;
				CLANG_WARN_RANGE_LOOP_ANALYSIS = YES;
				CLANG_WARN_STRICT_PROTOTYPES = YES;
				CLANG_WARN_SUSPICIOUS_MOVE = YES;
				CLANG_WARN_UNGUARDED_AVAILABILITY = YES_AGGRESSIVE;
				CLANG_WARN_UNREACHABLE_CODE = YES;
				CLANG_WARN__DUPLICATE_METHOD_MATCH = YES;
				COPY_PHASE_STRIP = NO;
				DEBUG_INFORMATION_FORMAT = "dwarf-with-dsym";
				ENABLE_NS_ASSERTIONS = NO;
				ENABLE_STRICT_OBJC_MSGSEND = YES;
				GCC_C_LANGUAGE_STANDARD = gnu11;
				GCC_NO_COMMON_BLOCKS = YES;
				GCC_WARN_64_TO_32_BIT_CONVERSION = YES;
				GCC_WARN_ABOUT_RETURN_TYPE = YES_ERROR;
				GCC_WARN_UNDECLARED_SELECTOR = YES;
				GCC_WARN_UNINITIALIZED_AUTOS = YES_AGGRESSIVE;
				GCC_WARN_UNUSED_FUNCTION = YES;
				GCC_WARN_UNUSED_VARIABLE = YES;
				IPHONEOS_DEPLOYMENT_TARGET = 15.2;
				MTL_ENABLE_DEBUG_INFO = NO;
				MTL_FAST_MATH = YES;
				SDKROOT = iphoneos;
				SWIFT_COMPILATION_MODE = wholemodule;
				SWIFT_OPTIMIZATION_LEVEL = "-O";
				VALIDATE_PRODUCT = YES;
			};
			name = Release;
		};
		3BBFA2C027DC8E1B0090FD30 /* Debug */ = {
			isa = XCBuildConfiguration;
			buildSettings = {
				ASSETCATALOG_COMPILER_APPICON_NAME = AppIcon;
				ASSETCATALOG_COMPILER_GLOBAL_ACCENT_COLOR_NAME = AccentColor;
				CODE_SIGN_STYLE = Automatic;
				CURRENT_PROJECT_VERSION = 1;
				DEVELOPMENT_TEAM = CZJ4B54BQ5;
				GENERATE_INFOPLIST_FILE = YES;
				INFOPLIST_FILE = "fake-music/Info.plist";
				INFOPLIST_KEY_CFBundleDisplayName = "Fake Music";
				INFOPLIST_KEY_UIApplicationSupportsIndirectInputEvents = YES;
				INFOPLIST_KEY_UILaunchStoryboardName = LaunchScreen;
				INFOPLIST_KEY_UIMainStoryboardFile = Main;
				INFOPLIST_KEY_UIRequiresFullScreen = YES;
				INFOPLIST_KEY_UISupportedInterfaceOrientations_iPad = "UIInterfaceOrientationLandscapeLeft UIInterfaceOrientationLandscapeRight";
				INFOPLIST_KEY_UISupportedInterfaceOrientations_iPhone = "UIInterfaceOrientationPortrait UIInterfaceOrientationLandscapeLeft UIInterfaceOrientationLandscapeRight";
				LD_RUNPATH_SEARCH_PATHS = (
					"$(inherited)",
					"@executable_path/Frameworks",
				);
				MARKETING_VERSION = 1.0;
				PRODUCT_BUNDLE_IDENTIFIER = "net.cmwang.fake-music";
				PRODUCT_NAME = "Fake Music";
				SWIFT_EMIT_LOC_STRINGS = YES;
				SWIFT_VERSION = 5.0;
				TARGETED_DEVICE_FAMILY = 2;
			};
			name = Debug;
		};
		3BBFA2C127DC8E1B0090FD30 /* Release */ = {
			isa = XCBuildConfiguration;
			buildSettings = {
				ASSETCATALOG_COMPILER_APPICON_NAME = AppIcon;
				ASSETCATALOG_COMPILER_GLOBAL_ACCENT_COLOR_NAME = AccentColor;
				CODE_SIGN_STYLE = Automatic;
				CURRENT_PROJECT_VERSION = 1;
				DEVELOPMENT_TEAM = CZJ4B54BQ5;
				GENERATE_INFOPLIST_FILE = YES;
				INFOPLIST_FILE = "fake-music/Info.plist";
				INFOPLIST_KEY_CFBundleDisplayName = "Fake Music";
				INFOPLIST_KEY_UIApplicationSupportsIndirectInputEvents = YES;
				INFOPLIST_KEY_UILaunchStoryboardName = LaunchScreen;
				INFOPLIST_KEY_UIMainStoryboardFile = Main;
				INFOPLIST_KEY_UIRequiresFullScreen = YES;
				INFOPLIST_KEY_UISupportedInterfaceOrientations_iPad = "UIInterfaceOrientationLandscapeLeft UIInterfaceOrientationLandscapeRight";
				INFOPLIST_KEY_UISupportedInterfaceOrientations_iPhone = "UIInterfaceOrientationPortrait UIInterfaceOrientationLandscapeLeft UIInterfaceOrientationLandscapeRight";
				LD_RUNPATH_SEARCH_PATHS = (
					"$(inherited)",
					"@executable_path/Frameworks",
				);
				MARKETING_VERSION = 1.0;
				PRODUCT_BUNDLE_IDENTIFIER = "net.cmwang.fake-music";
				PRODUCT_NAME = "Fake Music";
				SWIFT_EMIT_LOC_STRINGS = YES;
				SWIFT_VERSION = 5.0;
				TARGETED_DEVICE_FAMILY = 2;
			};
			name = Release;
		};
/* End XCBuildConfiguration section */

/* Begin XCConfigurationList section */
		3BBFA2A627DC8E190090FD30 /* Build configuration list for PBXProject "Fake Music" */ = {
			isa = XCConfigurationList;
			buildConfigurations = (
				3BBFA2BD27DC8E1B0090FD30 /* Debug */,
				3BBFA2BE27DC8E1B0090FD30 /* Release */,
			);
			defaultConfigurationIsVisible = 0;
			defaultConfigurationName = Release;
		};
		3BBFA2BF27DC8E1B0090FD30 /* Build configuration list for PBXNativeTarget "fake-music" */ = {
			isa = XCConfigurationList;
			buildConfigurations = (
				3BBFA2C027DC8E1B0090FD30 /* Debug */,
				3BBFA2C127DC8E1B0090FD30 /* Release */,
			);
			defaultConfigurationIsVisible = 0;
			defaultConfigurationName = Release;
		};
/* End XCConfigurationList section */
	};
	rootObject = 3BBFA2A327DC8E190090FD30 /* Project object */;
}
